
Microsoft Visual Studio Solution File, Format Version 12.00
# Visual Studio 15
VisualStudioVersion = 15.0.26730.3
MinimumVisualStudioVersion = 10.0.40219.1
Project("{FAE04EC0-301F-11D3-BF4B-00C04F79EFBC}") = "RR", "RR\RR.csproj", "{5E291C8B-DEBE-4412-A5AA-6D03E1614D34}"
EndProject
Project("{FAE04EC0-301F-11D3-BF4B-00C04F79EFBC}") = "Common", "Common\Common.csproj", "{3FF444D6-4E50-4E4A-A9E3-293D0C028CE6}"
EndProject
Project("{FAE04EC0-301F-11D3-BF4B-00C04F79EFBC}") = "Business", "Business\Business.csproj", "{1E5D7C86-3B63-48E7-9479-FB976C1CFDAF}"
EndProject
Project("{FAE04EC0-301F-11D3-BF4B-00C04F79EFBC}") = "DomainRepository", "Repository\DomainRepository.csproj", "{52862516-AB85-4F03-9746-710F142898F7}"
EndProject
Project("{FAE04EC0-301F-11D3-BF4B-00C04F79EFBC}") = "FileSystemDataLayer", "FileSystemDataLayer\FileSystemDataLayer.csproj", "{3096AE84-3BB6-4E6C-8445-2D5F2785ADC3}"
EndProject
Global
	GlobalSection(SolutionConfigurationPlatforms) = preSolution
		Debug|Any CPU = Debug|Any CPU
		Release|Any CPU = Release|Any CPU
	EndGlobalSection
	GlobalSection(ProjectConfigurationPlatforms) = postSolution
		{5E291C8B-DEBE-4412-A5AA-6D03E1614D34}.Debug|Any CPU.ActiveCfg = Debug|Any CPU
		{5E291C8B-DEBE-4412-A5AA-6D03E1614D34}.Debug|Any CPU.Build.0 = Debug|Any CPU
		{5E291C8B-DEBE-4412-A5AA-6D03E1614D34}.Release|Any CPU.ActiveCfg = Release|Any CPU
		{5E291C8B-DEBE-4412-A5AA-6D03E1614D34}.Release|Any CPU.Build.0 = Release|Any CPU
		{3FF444D6-4E50-4E4A-A9E3-293D0C028CE6}.Debug|Any CPU.ActiveCfg = Debug|Any CPU
		{3FF444D6-4E50-4E4A-A9E3-293D0C028CE6}.Debug|Any CPU.Build.0 = Debug|Any CPU
		{3FF444D6-4E50-4E4A-A9E3-293D0C028CE6}.Release|Any CPU.ActiveCfg = Release|Any CPU
		{3FF444D6-4E50-4E4A-A9E3-293D0C028CE6}.Release|Any CPU.Build.0 = Release|Any CPU
		{1E5D7C86-3B63-48E7-9479-FB976C1CFDAF}.Debug|Any CPU.ActiveCfg = Debug|Any CPU
		{1E5D7C86-3B63-48E7-9479-FB976C1CFDAF}.Debug|Any CPU.Build.0 = Debug|Any CPU
		{1E5D7C86-3B63-48E7-9479-FB976C1CFDAF}.Release|Any CPU.ActiveCfg = Release|Any CPU
		{1E5D7C86-3B63-48E7-9479-FB976C1CFDAF}.Release|Any CPU.Build.0 = Release|Any CPU
		{52862516-AB85-4F03-9746-710F142898F7}.Debug|Any CPU.ActiveCfg = Debug|Any CPU
		{52862516-AB85-4F03-9746-710F142898F7}.Debug|Any CPU.Build.0 = Debug|Any CPU
		{52862516-AB85-4F03-9746-710F142898F7}.Release|Any CPU.ActiveCfg = Release|Any CPU
		{52862516-AB85-4F03-9746-710F142898F7}.Release|Any CPU.Build.0 = Release|Any CPU
		{3096AE84-3BB6-4E6C-8445-2D5F2785ADC3}.Debug|Any CPU.ActiveCfg = Debug|Any CPU
		{3096AE84-3BB6-4E6C-8445-2D5F2785ADC3}.Debug|Any CPU.Build.0 = Debug|Any CPU
		{3096AE84-3BB6-4E6C-8445-2D5F2785ADC3}.Release|Any CPU.ActiveCfg = Release|Any CPU
		{3096AE84-3BB6-4E6C-8445-2D5F2785ADC3}.Release|Any CPU.Build.0 = Release|Any CPU
	EndGlobalSection
	GlobalSection(SolutionProperties) = preSolution
		HideSolutionNode = FALSE
	EndGlobalSection
	GlobalSection(ExtensibilityGlobals) = postSolution
		SolutionGuid = {74AAA75B-7AE4-4CAB-959A-8C3452F206B3}
	EndGlobalSection
EndGlobal
